
Microsoft Visual Studio Solution File, Format Version 12.00
# Visual Studio Version 17
VisualStudioVersion = 17.4.33205.214
MinimumVisualStudioVersion = 10.0.40219.1
Project("{FAE04EC0-301F-11D3-BF4B-00C04F79EFBC}") = "Eşleştirme_oyunu1", "Eşleştirme_oyunu1\Eşleştirme_oyunu1.csproj", "{040A37ED-6C4A-4ED7-AE50-301488175820}"
EndProject
Global
	GlobalSection(SolutionConfigurationPlatforms) = preSolution
		Debug|Any CPU = Debug|Any CPU
		Release|Any CPU = Release|Any CPU
	EndGlobalSection
	GlobalSection(ProjectConfigurationPlatforms) = postSolution
		{040A37ED-6C4A-4ED7-AE50-301488175820}.Debug|Any CPU.ActiveCfg = Debug|Any CPU
		{040A37ED-6C4A-4ED7-AE50-301488175820}.Debug|Any CPU.Build.0 = Debug|Any CPU
		{040A37ED-6C4A-4ED7-AE50-301488175820}.Release|Any CPU.ActiveCfg = Release|Any CPU
		{040A37ED-6C4A-4ED7-AE50-301488175820}.Release|Any CPU.Build.0 = Release|Any CPU
	EndGlobalSection
	GlobalSection(SolutionProperties) = preSolution
		HideSolutionNode = FALSE
	EndGlobalSection
	GlobalSection(ExtensibilityGlobals) = postSolution
		SolutionGuid = {2B1CCE0E-5A38-4A35-AE40-23E956E00C66}
	EndGlobalSection
EndGlobal
